
Microsoft Visual Studio Solution File, Format Version 12.00
# Visual Studio 15
Project("{FAE04EC0-301F-11D3-BF4B-00C04F79EFBC}") = "Assembly-CSharp", "Assembly-CSharp.csproj", "{5E9B08BC-1A22-26F5-4546-0EBCDC14119D}"
EndProject
Project("{FAE04EC0-301F-11D3-BF4B-00C04F79EFBC}") = "Assembly-CSharp-Editor", "Assembly-CSharp-Editor.csproj", "{D0036FB7-DE8D-163E-03C0-4C6488D4A9A4}"
EndProject
Global
	GlobalSection(SolutionConfigurationPlatforms) = preSolution
		Debug|Any CPU = Debug|Any CPU
		Release|Any CPU = Release|Any CPU
	EndGlobalSection
	GlobalSection(ProjectConfigurationPlatforms) = postSolution
		{5E9B08BC-1A22-26F5-4546-0EBCDC14119D}.Debug|Any CPU.ActiveCfg = Debug|Any CPU
		{5E9B08BC-1A22-26F5-4546-0EBCDC14119D}.Debug|Any CPU.Build.0 = Debug|Any CPU
		{5E9B08BC-1A22-26F5-4546-0EBCDC14119D}.Release|Any CPU.ActiveCfg = Release|Any CPU
		{5E9B08BC-1A22-26F5-4546-0EBCDC14119D}.Release|Any CPU.Build.0 = Release|Any CPU
		{D0036FB7-DE8D-163E-03C0-4C6488D4A9A4}.Debug|Any CPU.ActiveCfg = Debug|Any CPU
		{D0036FB7-DE8D-163E-03C0-4C6488D4A9A4}.Debug|Any CPU.Build.0 = Debug|Any CPU
		{D0036FB7-DE8D-163E-03C0-4C6488D4A9A4}.Release|Any CPU.ActiveCfg = Release|Any CPU
		{D0036FB7-DE8D-163E-03C0-4C6488D4A9A4}.Release|Any CPU.Build.0 = Release|Any CPU
	EndGlobalSection
	GlobalSection(SolutionProperties) = preSolution
		HideSolutionNode = FALSE
	EndGlobalSection
EndGlobal
